// !$*UTF8*$!
{
	archiveVersion = 1;
	classes = {
	};
	objectVersion = 77;
	objects = {

/* Begin PBXContainerItemProxy section */
		6566D3702DD6365E00F1078F /* PBXContainerItemProxy */ = {
			isa = PBXContainerItemProxy;
			containerPortal = 6566D3572DD6365B00F1078F /* Project object */;
			proxyType = 1;
			remoteGlobalIDString = 6566D35E2DD6365B00F1078F;
			remoteInfo = FinalProjectFrontend;
		};
		6566D37A2DD6365E00F1078F /* PBXContainerItemProxy */ = {
			isa = PBXContainerItemProxy;
			containerPortal = 6566D3572DD6365B00F1078F /* Project object */;
			proxyType = 1;
			remoteGlobalIDString = 6566D35E2DD6365B00F1078F;
			remoteInfo = FinalProjectFrontend;
		};
/* End PBXContainerItemProxy section */

/* Begin PBXFileReference section */
		6566D35F2DD6365B00F1078F /* FinalProjectFrontend.app */ = {isa = PBXFileReference; explicitFileType = wrapper.application; includeInIndex = 0; path = FinalProjectFrontend.app; sourceTree = BUILT_PRODUCTS_DIR; };
		6566D36F2DD6365E00F1078F /* FinalProjectFrontendTests.xctest */ = {isa = PBXFileReference; explicitFileType = wrapper.cfbundle; includeInIndex = 0; path = FinalProjectFrontendTests.xctest; sourceTree = BUILT_PRODUCTS_DIR; };
		6566D3792DD6365E00F1078F /* FinalProjectFrontendUITests.xctest */ = {isa = PBXFileReference; explicitFileType = wrapper.cfbundle; includeInIndex = 0; path = FinalProjectFrontendUITests.xctest; sourceTree = BUILT_PRODUCTS_DIR; };
/* End PBXFileReference section */

/* Begin PBXFileSystemSynchronizedRootGroup section */
		6566D3612DD6365B00F1078F /* FinalProjectFrontend */ = {
			isa = PBXFileSystemSynchronizedRootGroup;
			path = FinalProjectFrontend;
			sourceTree = "<group>";
		};
		6566D3722DD6365E00F1078F /* FinalProjectFrontendTests */ = {
			isa = PBXFileSystemSynchronizedRootGroup;
			path = FinalProjectFrontendTests;
			sourceTree = "<group>";
		};
		6566D37C2DD6365E00F1078F /* FinalProjectFrontendUITests */ = {
			isa = PBXFileSystemSynchronizedRootGroup;
			path = FinalProjectFrontendUITests;
			sourceTree = "<group>";
		};
/* End PBXFileSystemSynchronizedRootGroup section */

/* Begin PBXFrameworksBuildPhase section */
		6566D35C2DD6365B00F1078F /* Frameworks */ = {
			isa = PBXFrameworksBuildPhase;
			buildActionMask = 2147483647;
			files = (
			);
			runOnlyForDeploymentPostprocessing = 0;
		};
		6566D36C2DD6365E00F1078F /* Frameworks */ = {
			isa = PBXFrameworksBuildPhase;
			buildActionMask = 2147483647;
			files = (
			);
			runOnlyForDeploymentPostprocessing = 0;
		};
		6566D3762DD6365E00F1078F /* Frameworks */ = {
			isa = PBXFrameworksBuildPhase;
			buildActionMask = 2147483647;
			files = (
			);
			runOnlyForDeploymentPostprocessing = 0;
		};
/* End PBXFrameworksBuildPhase section */

/* Begin PBXGroup section */
		6566D3562DD6365B00F1078F = {
			isa = PBXGroup;
			children = (
				6566D3612DD6365B00F1078F /* FinalProjectFrontend */,
				6566D3722DD6365E00F1078F /* FinalProjectFrontendTests */,
				6566D37C2DD6365E00F1078F /* FinalProjectFrontendUITests */,
				6566D3602DD6365B00F1078F /* Products */,
			);
			sourceTree = "<group>";
		};
		6566D3602DD6365B00F1078F /* Products */ = {
			isa = PBXGroup;
			children = (
				6566D35F2DD6365B00F1078F /* FinalProjectFrontend.app */,
				6566D36F2DD6365E00F1078F /* FinalProjectFrontendTests.xctest */,
				6566D3792DD6365E00F1078F /* FinalProjectFrontendUITests.xctest */,
			);
			name = Products;
			sourceTree = "<group>";
		};
/* End PBXGroup section */

/* Begin PBXNativeTarget section */
		6566D35E2DD6365B00F1078F /* FinalProjectFrontend */ = {
			isa = PBXNativeTarget;
			buildConfigurationList = 6566D3832DD6365E00F1078F /* Build configuration list for PBXNativeTarget "FinalProjectFrontend" */;
			buildPhases = (
				6566D35B2DD6365B00F1078F /* Sources */,
				6566D35C2DD6365B00F1078F /* Frameworks */,
				6566D35D2DD6365B00F1078F /* Resources */,
			);
			buildRules = (
			);
			dependencies = (
			);
			fileSystemSynchronizedGroups = (
				6566D3612DD6365B00F1078F /* FinalProjectFrontend */,
			);
			name = FinalProjectFrontend;
			packageProductDependencies = (
			);
			productName = FinalProjectFrontend;
			productReference = 6566D35F2DD6365B00F1078F /* FinalProjectFrontend.app */;
			productType = "com.apple.product-type.application";
		};
		6566D36E2DD6365E00F1078F /* FinalProjectFrontendTests */ = {
			isa = PBXNativeTarget;
			buildConfigurationList = 6566D3862DD6365E00F1078F /* Build configuration list for PBXNativeTarget "FinalProjectFrontendTests" */;
			buildPhases = (
				6566D36B2DD6365E00F1078F /* Sources */,
				6566D36C2DD6365E00F1078F /* Frameworks */,
				6566D36D2DD6365E00F1078F /* Resources */,
			);
			buildRules = (
			);
			dependencies = (
				6566D3712DD6365E00F1078F /* PBXTargetDependency */,
			);
			fileSystemSynchronizedGroups = (
				6566D3722DD6365E00F1078F /* FinalProjectFrontendTests */,
			);
			name = FinalProjectFrontendTests;
			packageProductDependencies = (
			);
			productName = FinalProjectFrontendTests;
			productReference = 6566D36F2DD6365E00F1078F /* FinalProjectFrontendTests.xctest */;
			productType = "com.apple.product-type.bundle.unit-test";
		};
		6566D3782DD6365E00F1078F /* FinalProjectFrontendUITests */ = {
			isa = PBXNativeTarget;
			buildConfigurationList = 6566D3892DD6365E00F1078F /* Build configuration list for PBXNativeTarget "FinalProjectFrontendUITests" */;
			buildPhases = (
				6566D3752DD6365E00F1078F /* Sources */,
				6566D3762DD6365E00F1078F /* Frameworks */,
				6566D3772DD6365E00F1078F /* Resources */,
			);
			buildRules = (
			);
			dependencies = (
				6566D37B2DD6365E00F1078F /* PBXTargetDependency */,
			);
			fileSystemSynchronizedGroups = (
				6566D37C2DD6365E00F1078F /* FinalProjectFrontendUITests */,
			);
			name = FinalProjectFrontendUITests;
			packageProductDependencies = (
			);
			productName = FinalProjectFrontendUITests;
			productReference = 6566D3792DD6365E00F1078F /* FinalProjectFrontendUITests.xctest */;
			productType = "com.apple.product-type.bundle.ui-testing";
		};
/* End PBXNativeTarget section */

/* Begin PBXProject section */
		6566D3572DD6365B00F1078F /* Project object */ = {
			isa = PBXProject;
			attributes = {
				BuildIndependentTargetsInParallel = 1;
				LastSwiftUpdateCheck = 1620;
				LastUpgradeCheck = 1620;
				TargetAttributes = {
					6566D35E2DD6365B00F1078F = {
						CreatedOnToolsVersion = 16.2;
					};
					6566D36E2DD6365E00F1078F = {
						CreatedOnToolsVersion = 16.2;
						TestTargetID = 6566D35E2DD6365B00F1078F;
					};
					6566D3782DD6365E00F1078F = {
						CreatedOnToolsVersion = 16.2;
						TestTargetID = 6566D35E2DD6365B00F1078F;
					};
				};
			};
			buildConfigurationList = 6566D35A2DD6365B00F1078F /* Build configuration list for PBXProject "FinalProjectFrontend" */;
			developmentRegion = en;
			hasScannedForEncodings = 0;
			knownRegions = (
				en,
				Base,
			);
			mainGroup = 6566D3562DD6365B00F1078F;
			minimizedProjectReferenceProxies = 1;
			preferredProjectObjectVersion = 77;
			productRefGroup = 6566D3602DD6365B00F1078F /* Products */;
			projectDirPath = "";
			projectRoot = "";
			targets = (
				6566D35E2DD6365B00F1078F /* FinalProjectFrontend */,
				6566D36E2DD6365E00F1078F /* FinalProjectFrontendTests */,
				6566D3782DD6365E00F1078F /* FinalProjectFrontendUITests */,
			);
		};
/* End PBXProject section */

/* Begin PBXResourcesBuildPhase section */
		6566D35D2DD6365B00F1078F /* Resources */ = {
			isa = PBXResourcesBuildPhase;
			buildActionMask = 2147483647;
			files = (
			);
			runOnlyForDeploymentPostprocessing = 0;
		};
		6566D36D2DD6365E00F1078F /* Resources */ = {
			isa = PBXResourcesBuildPhase;
			buildActionMask = 2147483647;
			files = (
			);
			runOnlyForDeploymentPostprocessing = 0;
		};
		6566D3772DD6365E00F1078F /* Resources */ = {
			isa = PBXResourcesBuildPhase;
			buildActionMask = 2147483647;
			files = (
			);
			runOnlyForDeploymentPostprocessing = 0;
		};
/* End PBXResourcesBuildPhase section */

/* Begin PBXSourcesBuildPhase section */
		6566D35B2DD6365B00F1078F /* Sources */ = {
			isa = PBXSourcesBuildPhase;
			buildActionMask = 2147483647;
			files = (
			);
			runOnlyForDeploymentPostprocessing = 0;
		};
		6566D36B2DD6365E00F1078F /* Sources */ = {
			isa = PBXSourcesBuildPhase;
			buildActionMask = 2147483647;
			files = (
			);
			runOnlyForDeploymentPostprocessing = 0;
		};
		6566D3752DD6365E00F1078F /* Sources */ = {
			isa = PBXSourcesBuildPhase;
			buildActionMask = 2147483647;
			files = (
			);
			runOnlyForDeploymentPostprocessing = 0;
		};
/* End PBXSourcesBuildPhase section */

/* Begin PBXTargetDependency section */
		6566D3712DD6365E00F1078F /* PBXTargetDependency */ = {
			isa = PBXTargetDependency;
			target = 6566D35E2DD6365B00F1078F /* FinalProjectFrontend */;
			targetProxy = 6566D3702DD6365E00F1078F /* PBXContainerItemProxy */;
		};
		6566D37B2DD6365E00F1078F /* PBXTargetDependency */ = {
			isa = PBXTargetDependency;
			target = 6566D35E2DD6365B00F1078F /* FinalProjectFrontend */;
			targetProxy = 6566D37A2DD6365E00F1078F /* PBXContainerItemProxy */;
		};
/* End PBXTargetDependency section */

/* Begin XCBuildConfiguration section */
		6566D3812DD6365E00F1078F /* Debug */ = {
			isa = XCBuildConfiguration;
			buildSettings = {
				ALWAYS_SEARCH_USER_PATHS = NO;
				ASSETCATALOG_COMPILER_GENERATE_SWIFT_ASSET_SYMBOL_EXTENSIONS = YES;
				CLANG_ANALYZER_NONNULL = YES;
				CLANG_ANALYZER_NUMBER_OBJECT_CONVERSION = YES_AGGRESSIVE;
				CLANG_CXX_LANGUAGE_STANDARD = "gnu++20";
				CLANG_ENABLE_MODULES = YES;
				CLANG_ENABLE_OBJC_ARC = YES;
				CLANG_ENABLE_OBJC_WEAK = YES;
				CLANG_WARN_BLOCK_CAPTURE_AUTORELEASING = YES;
				CLANG_WARN_BOOL_CONVERSION = YES;
				CLANG_WARN_COMMA = YES;
				CLANG_WARN_CONSTANT_CONVERSION = YES;
				CLANG_WARN_DEPRECATED_OBJC_IMPLEMENTATIONS = YES;
				CLANG_WARN_DIRECT_OBJC_ISA_USAGE = YES_ERROR;
				CLANG_WARN_DOCUMENTATION_COMMENTS = YES;
				CLANG_WARN_EMPTY_BODY = YES;
				CLANG_WARN_ENUM_CONVERSION = YES;
				CLANG_WARN_INFINITE_RECURSION = YES;
				CLANG_WARN_INT_CONVERSION = YES;
				CLANG_WARN_NON_LITERAL_NULL_CONVERSION = YES;
				CLANG_WARN_OBJC_IMPLICIT_RETAIN_SELF = YES;
				CLANG_WARN_OBJC_LITERAL_CONVERSION = YES;
				CLANG_WARN_OBJC_ROOT_CLASS = YES_ERROR;
				CLANG_WARN_QUOTED_INCLUDE_IN_FRAMEWORK_HEADER = YES;
				CLANG_WARN_RANGE_LOOP_ANALYSIS = YES;
				CLANG_WARN_STRICT_PROTOTYPES = YES;
				CLANG_WARN_SUSPICIOUS_MOVE = YES;
				CLANG_WARN_UNGUARDED_AVAILABILITY = YES_AGGRESSIVE;
				CLANG_WARN_UNREACHABLE_CODE = YES;
				CLANG_WARN__DUPLICATE_METHOD_MATCH = YES;
				COPY_PHASE_STRIP = NO;
				DEBUG_INFORMATION_FORMAT = dwarf;
				ENABLE_STRICT_OBJC_MSGSEND = YES;
				ENABLE_TESTABILITY = YES;
				ENABLE_USER_SCRIPT_SANDBOXING = YES;
				GCC_C_LANGUAGE_STANDARD = gnu17;
				GCC_DYNAMIC_NO_PIC = NO;
				GCC_NO_COMMON_BLOCKS = YES;
				GCC_OPTIMIZATION_LEVEL = 0;
				GCC_PREPROCESSOR_DEFINITIONS = (
					"DEBUG=1",
					"$(inherited)",
				);
				GCC_WARN_64_TO_32_BIT_CONVERSION = YES;
				GCC_WARN_ABOUT_RETURN_TYPE = YES_ERROR;
				GCC_WARN_UNDECLARED_SELECTOR = YES;
				GCC_WARN_UNINITIALIZED_AUTOS = YES_AGGRESSIVE;
				GCC_WARN_UNUSED_FUNCTION = YES;
				GCC_WARN_UNUSED_VARIABLE = YES;
				IPHONEOS_DEPLOYMENT_TARGET = 18.2;
				LOCALIZATION_PREFERS_STRING_CATALOGS = YES;
				MTL_ENABLE_DEBUG_INFO = INCLUDE_SOURCE;
				MTL_FAST_MATH = YES;
				ONLY_ACTIVE_ARCH = YES;
				SDKROOT = iphoneos;
				SWIFT_ACTIVE_COMPILATION_CONDITIONS = "DEBUG $(inherited)";
				SWIFT_OPTIMIZATION_LEVEL = "-Onone";
			};
			name = Debug;
		};
		6566D3822DD6365E00F1078F /* Release */ = {
			isa = XCBuildConfiguration;
			buildSettings = {
				ALWAYS_SEARCH_USER_PATHS = NO;
				ASSETCATALOG_COMPILER_GENERATE_SWIFT_ASSET_SYMBOL_EXTENSIONS = YES;
				CLANG_ANALYZER_NONNULL = YES;
				CLANG_ANALYZER_NUMBER_OBJECT_CONVERSION = YES_AGGRESSIVE;
				CLANG_CXX_LANGUAGE_STANDARD = "gnu++20";
				CLANG_ENABLE_MODULES = YES;
				CLANG_ENABLE_OBJC_ARC = YES;
				CLANG_ENABLE_OBJC_WEAK = YES;
				CLANG_WARN_BLOCK_CAPTURE_AUTORELEASING = YES;
				CLANG_WARN_BOOL_CONVERSION = YES;
				CLANG_WARN_COMMA = YES;
				CLANG_WARN_CONSTANT_CONVERSION = YES;
				CLANG_WARN_DEPRECATED_OBJC_IMPLEMENTATIONS = YES;
				CLANG_WARN_DIRECT_OBJC_ISA_USAGE = YES_ERROR;
				CLANG_WARN_DOCUMENTATION_COMMENTS = YES;
				CLANG_WARN_EMPTY_BODY = YES;
				CLANG_WARN_ENUM_CONVERSION = YES;
				CLANG_WARN_INFINITE_RECURSION = YES;
				CLANG_WARN_INT_CONVERSION = YES;
				CLANG_WARN_NON_LITERAL_NULL_CONVERSION = YES;
				CLANG_WARN_OBJC_IMPLICIT_RETAIN_SELF = YES;
				CLANG_WARN_OBJC_LITERAL_CONVERSION = YES;
				CLANG_WARN_OBJC_ROOT_CLASS = YES_ERROR;
				CLANG_WARN_QUOTED_INCLUDE_IN_FRAMEWORK_HEADER = YES;
				CLANG_WARN_RANGE_LOOP_ANALYSIS = YES;
				CLANG_WARN_STRICT_PROTOTYPES = YES;
				CLANG_WARN_SUSPICIOUS_MOVE = YES;
				CLANG_WARN_UNGUARDED_AVAILABILITY = YES_AGGRESSIVE;
				CLANG_WARN_UNREACHABLE_CODE = YES;
				CLANG_WARN__DUPLICATE_METHOD_MATCH = YES;
				COPY_PHASE_STRIP = NO;
				DEBUG_INFORMATION_FORMAT = "dwarf-with-dsym";
				ENABLE_NS_ASSERTIONS = NO;
				ENABLE_STRICT_OBJC_MSGSEND = YES;
				ENABLE_USER_SCRIPT_SANDBOXING = YES;
				GCC_C_LANGUAGE_STANDARD = gnu17;
				GCC_NO_COMMON_BLOCKS = YES;
				GCC_WARN_64_TO_32_BIT_CONVERSION = YES;
				GCC_WARN_ABOUT_RETURN_TYPE = YES_ERROR;
				GCC_WARN_UNDECLARED_SELECTOR = YES;
				GCC_WARN_UNINITIALIZED_AUTOS = YES_AGGRESSIVE;
				GCC_WARN_UNUSED_FUNCTION = YES;
				GCC_WARN_UNUSED_VARIABLE = YES;
				IPHONEOS_DEPLOYMENT_TARGET = 18.2;
				LOCALIZATION_PREFERS_STRING_CATALOGS = YES;
				MTL_ENABLE_DEBUG_INFO = NO;
				MTL_FAST_MATH = YES;
				SDKROOT = iphoneos;
				SWIFT_COMPILATION_MODE = wholemodule;
				VALIDATE_PRODUCT = YES;
			};
			name = Release;
		};
		6566D3842DD6365E00F1078F /* Debug */ = {
			isa = XCBuildConfiguration;
			buildSettings = {
				ASSETCATALOG_COMPILER_APPICON_NAME = AppIcon;
				ASSETCATALOG_COMPILER_GLOBAL_ACCENT_COLOR_NAME = AccentColor;
				CODE_SIGN_STYLE = Automatic;
				CURRENT_PROJECT_VERSION = 1;
				DEVELOPMENT_ASSET_PATHS = "\"FinalProjectFrontend/Preview Content\"";
				ENABLE_PREVIEWS = YES;
				GENERATE_INFOPLIST_FILE = YES;
				INFOPLIST_KEY_UIApplicationSceneManifest_Generation = YES;
				INFOPLIST_KEY_UIApplicationSupportsIndirectInputEvents = YES;
				INFOPLIST_KEY_UILaunchScreen_Generation = YES;
				INFOPLIST_KEY_UISupportedInterfaceOrientations_iPad = "UIInterfaceOrientationPortrait UIInterfaceOrientationPortraitUpsideDown UIInterfaceOrientationLandscapeLeft UIInterfaceOrientationLandscapeRight";
				INFOPLIST_KEY_UISupportedInterfaceOrientations_iPhone = "UIInterfaceOrientationPortrait UIInterfaceOrientationLandscapeLeft UIInterfaceOrientationLandscapeRight";
				LD_RUNPATH_SEARCH_PATHS = (
					"$(inherited)",
					"@executable_path/Frameworks",
				);
				MARKETING_VERSION = 1.0;
				PRODUCT_BUNDLE_IDENTIFIER = EDU.FHNW.FinalProjectFrontend;
				PRODUCT_NAME = "$(TARGET_NAME)";
				SWIFT_EMIT_LOC_STRINGS = YES;
				SWIFT_VERSION = 5.0;
				TARGETED_DEVICE_FAMILY = "1,2";
			};
			name = Debug;
		};
		6566D3852DD6365E00F1078F /* Release */ = {
			isa = XCBuildConfiguration;
			buildSettings = {
				ASSETCATALOG_COMPILER_APPICON_NAME = AppIcon;
				ASSETCATALOG_COMPILER_GLOBAL_ACCENT_COLOR_NAME = AccentColor;
				CODE_SIGN_STYLE = Automatic;
				CURRENT_PROJECT_VERSION = 1;
				DEVELOPMENT_ASSET_PATHS = "\"FinalProjectFrontend/Preview Content\"";
				ENABLE_PREVIEWS = YES;
				GENERATE_INFOPLIST_FILE = YES;
				INFOPLIST_KEY_UIApplicationSceneManifest_Generation = YES;
				INFOPLIST_KEY_UIApplicationSupportsIndirectInputEvents = YES;
				INFOPLIST_KEY_UILaunchScreen_Generation = YES;
				INFOPLIST_KEY_UISupportedInterfaceOrientations_iPad = "UIInterfaceOrientationPortrait UIInterfaceOrientationPortraitUpsideDown UIInterfaceOrientationLandscapeLeft UIInterfaceOrientationLandscapeRight";
				INFOPLIST_KEY_UISupportedInterfaceOrientations_iPhone = "UIInterfaceOrientationPortrait UIInterfaceOrientationLandscapeLeft UIInterfaceOrientationLandscapeRight";
				LD_RUNPATH_SEARCH_PATHS = (
					"$(inherited)",
					"@executable_path/Frameworks",
				);
				MARKETING_VERSION = 1.0;
				PRODUCT_BUNDLE_IDENTIFIER = EDU.FHNW.FinalProjectFrontend;
				PRODUCT_NAME = "$(TARGET_NAME)";
				SWIFT_EMIT_LOC_STRINGS = YES;
				SWIFT_VERSION = 5.0;
				TARGETED_DEVICE_FAMILY = "1,2";
			};
			name = Release;
		};
		6566D3872DD6365E00F1078F /* Debug */ = {
			isa = XCBuildConfiguration;
			buildSettings = {
				BUNDLE_LOADER = "$(TEST_HOST)";
				CODE_SIGN_STYLE = Automatic;
				CURRENT_PROJECT_VERSION = 1;
				GENERATE_INFOPLIST_FILE = YES;
				IPHONEOS_DEPLOYMENT_TARGET = 18.2;
				MARKETING_VERSION = 1.0;
				PRODUCT_BUNDLE_IDENTIFIER = EDU.FHNW.FinalProjectFrontendTests;
				PRODUCT_NAME = "$(TARGET_NAME)";
				SWIFT_EMIT_LOC_STRINGS = NO;
				SWIFT_VERSION = 5.0;
				TARGETED_DEVICE_FAMILY = "1,2";
				TEST_HOST = "$(BUILT_PRODUCTS_DIR)/FinalProjectFrontend.app/$(BUNDLE_EXECUTABLE_FOLDER_PATH)/FinalProjectFrontend";
			};
			name = Debug;
		};
		6566D3882DD6365E00F1078F /* Release */ = {
			isa = XCBuildConfiguration;
			buildSettings = {
				BUNDLE_LOADER = "$(TEST_HOST)";
				CODE_SIGN_STYLE = Automatic;
				CURRENT_PROJECT_VERSION = 1;
				GENERATE_INFOPLIST_FILE = YES;
				IPHONEOS_DEPLOYMENT_TARGET = 18.2;
				MARKETING_VERSION = 1.0;
				PRODUCT_BUNDLE_IDENTIFIER = EDU.FHNW.FinalProjectFrontendTests;
				PRODUCT_NAME = "$(TARGET_NAME)";
				SWIFT_EMIT_LOC_STRINGS = NO;
				SWIFT_VERSION = 5.0;
				TARGETED_DEVICE_FAMILY = "1,2";
				TEST_HOST = "$(BUILT_PRODUCTS_DIR)/FinalProjectFrontend.app/$(BUNDLE_EXECUTABLE_FOLDER_PATH)/FinalProjectFrontend";
			};
			name = Release;
		};
		6566D38A2DD6365E00F1078F /* Debug */ = {
			isa = XCBuildConfiguration;
			buildSettings = {
				CODE_SIGN_STYLE = Automatic;
				CURRENT_PROJECT_VERSION = 1;
				GENERATE_INFOPLIST_FILE = YES;
				MARKETING_VERSION = 1.0;
				PRODUCT_BUNDLE_IDENTIFIER = EDU.FHNW.FinalProjectFrontendUITests;
				PRODUCT_NAME = "$(TARGET_NAME)";
				SWIFT_EMIT_LOC_STRINGS = NO;
				SWIFT_VERSION = 5.0;
				TARGETED_DEVICE_FAMILY = "1,2";
				TEST_TARGET_NAME = FinalProjectFrontend;
			};
			name = Debug;
		};
		6566D38B2DD6365E00F1078F /* Release */ = {
			isa = XCBuildConfiguration;
			buildSettings = {
				CODE_SIGN_STYLE = Automatic;
				CURRENT_PROJECT_VERSION = 1;
				GENERATE_INFOPLIST_FILE = YES;
				MARKETING_VERSION = 1.0;
				PRODUCT_BUNDLE_IDENTIFIER = EDU.FHNW.FinalProjectFrontendUITests;
				PRODUCT_NAME = "$(TARGET_NAME)";
				SWIFT_EMIT_LOC_STRINGS = NO;
				SWIFT_VERSION = 5.0;
				TARGETED_DEVICE_FAMILY = "1,2";
				TEST_TARGET_NAME = FinalProjectFrontend;
			};
			name = Release;
		};
/* End XCBuildConfiguration section */

/* Begin XCConfigurationList section */
		6566D35A2DD6365B00F1078F /* Build configuration list for PBXProject "FinalProjectFrontend" */ = {
			isa = XCConfigurationList;
			buildConfigurations = (
				6566D3812DD6365E00F1078F /* Debug */,
				6566D3822DD6365E00F1078F /* Release */,
			);
			defaultConfigurationIsVisible = 0;
			defaultConfigurationName = Release;
		};
		6566D3832DD6365E00F1078F /* Build configuration list for PBXNativeTarget "FinalProjectFrontend" */ = {
			isa = XCConfigurationList;
			buildConfigurations = (
				6566D3842DD6365E00F1078F /* Debug */,
				6566D3852DD6365E00F1078F /* Release */,
			);
			defaultConfigurationIsVisible = 0;
			defaultConfigurationName = Release;
		};
		6566D3862DD6365E00F1078F /* Build configuration list for PBXNativeTarget "FinalProjectFrontendTests" */ = {
			isa = XCConfigurationList;
			buildConfigurations = (
				6566D3872DD6365E00F1078F /* Debug */,
				6566D3882DD6365E00F1078F /* Release */,
			);
			defaultConfigurationIsVisible = 0;
			defaultConfigurationName = Release;
		};
		6566D3892DD6365E00F1078F /* Build configuration list for PBXNativeTarget "FinalProjectFrontendUITests" */ = {
			isa = XCConfigurationList;
			buildConfigurations = (
				6566D38A2DD6365E00F1078F /* Debug */,
				6566D38B2DD6365E00F1078F /* Release */,
			);
			defaultConfigurationIsVisible = 0;
			defaultConfigurationName = Release;
		};
/* End XCConfigurationList section */
	};
	rootObject = 6566D3572DD6365B00F1078F /* Project object */;
}
